
Microsoft Visual Studio Solution File, Format Version 12.00
# Visual Studio Version 17
VisualStudioVersion = 17.14.36518.9 d17.14
MinimumVisualStudioVersion = 10.0.40219.1
Project("{FAE04EC0-301F-11D3-BF4B-00C04F79EFBC}") = "BetweenSides1", "BetweenSides1\BetweenSides1.csproj", "{EAF34141-1B79-411C-8C4D-7EDB9FBFCDE5}"
EndProject
Global
	GlobalSection(SolutionConfigurationPlatforms) = preSolution
		Debug|Any CPU = Debug|Any CPU
		Release|Any CPU = Release|Any CPU
	EndGlobalSection
	GlobalSection(ProjectConfigurationPlatforms) = postSolution
		{EAF34141-1B79-411C-8C4D-7EDB9FBFCDE5}.Debug|Any CPU.ActiveCfg = Debug|Any CPU
		{EAF34141-1B79-411C-8C4D-7EDB9FBFCDE5}.Debug|Any CPU.Build.0 = Debug|Any CPU
		{EAF34141-1B79-411C-8C4D-7EDB9FBFCDE5}.Release|Any CPU.ActiveCfg = Release|Any CPU
		{EAF34141-1B79-411C-8C4D-7EDB9FBFCDE5}.Release|Any CPU.Build.0 = Release|Any CPU
	EndGlobalSection
	GlobalSection(SolutionProperties) = preSolution
		HideSolutionNode = FALSE
	EndGlobalSection
	GlobalSection(ExtensibilityGlobals) = postSolution
		SolutionGuid = {E88700C1-7978-4FDA-A974-B9E8A6E0F6A1}
	EndGlobalSection
EndGlobal
